# THIS IS AN AUTOGENERATED FILE. DO NOT EDIT THIS FILE DIRECTLY.
# yarn lockfile v1


pandas@^0.0.3:
  version "0.0.3"
  resolved "https://registry.yarnpkg.com/pandas/-/pandas-0.0.3.tgz#2a11b02074f0ffcc0729c73235572e5adbb0f1f7"
  integrity sha512-b6b0XOuj8mvj2Kn6qfcvPmb0ILCcbuep5VYZche3730P9cXQcvarbbvWJxwXkxc3OXyGFYjJ4kozjX5ZXXMrsw==

tkinter@^0.0.2-security:
  version "0.0.2-security"
  resolved "https://registry.yarnpkg.com/tkinter/-/tkinter-0.0.2-security.tgz#20f65f7aeac1c8cabf73bc8f197bea4d221e2eca"
  integrity sha512-UkXsGCGdbiWduImQ2pmtU6QnHmICrD1nrEyI+Nfg85l+psxenZKGzjNs43uvNerz2qJBmIHgBmxFnHWFzXk2uw==
